# This file is automatically @generated by Cargo.
# It is not intended for manual editing.
version = 4

[[package]]
name = "typhoon"
version = "0.1.0"

[[package]]
name = "typhoon-ast"
version = "0.1.0"

[[package]]
name = "typhoon-codegen"
version = "0.1.0"

[[package]]
name = "typhoon-diag"
version = "0.1.0"

[[package]]
name = "typhoon-driver"
version = "0.1.0"

[[package]]
name = "typhoon-lexer"
version = "0.1.0"

[[package]]
name = "typhoon-parser"
version = "0.1.0"

[[package]]
name = "typhoon-runtime"
version = "0.1.0"

[[package]]
name = "typhoon-sema"
version = "0.1.0"
